
Microsoft Visual Studio Solution File, Format Version 12.00
# Visual Studio 15
VisualStudioVersion = 15.0.28307.168
MinimumVisualStudioVersion = 10.0.40219.1
Project("{9A19103F-16F7-4668-BE54-9A1E7A4F7556}") = "EFPerformance", "EFPerformance.csproj", "{4C1D5EE6-B08D-4DDD-B017-FCE8B35306B8}"
EndProject
Global
	GlobalSection(SolutionConfigurationPlatforms) = preSolution
		Debug|Any CPU = Debug|Any CPU
		Release|Any CPU = Release|Any CPU
	EndGlobalSection
	GlobalSection(ProjectConfigurationPlatforms) = postSolution
		{4C1D5EE6-B08D-4DDD-B017-FCE8B35306B8}.Debug|Any CPU.ActiveCfg = Debug|Any CPU
		{4C1D5EE6-B08D-4DDD-B017-FCE8B35306B8}.Debug|Any CPU.Build.0 = Debug|Any CPU
		{4C1D5EE6-B08D-4DDD-B017-FCE8B35306B8}.Release|Any CPU.ActiveCfg = Release|Any CPU
		{4C1D5EE6-B08D-4DDD-B017-FCE8B35306B8}.Release|Any CPU.Build.0 = Release|Any CPU
	EndGlobalSection
	GlobalSection(SolutionProperties) = preSolution
		HideSolutionNode = FALSE
	EndGlobalSection
	GlobalSection(ExtensibilityGlobals) = postSolution
		SolutionGuid = {DAFD8FC1-377C-4924-A401-63242BDFD0C0}
	EndGlobalSection
EndGlobal
